
Microsoft Visual Studio Solution File, Format Version 12.00
# Visual Studio Version 17
VisualStudioVersion = 17.14.37027.9
MinimumVisualStudioVersion = 10.0.40219.1
Project("{FAE04EC0-301F-11D3-BF4B-00C04F79EFBC}") = "ChroniclerData", "ChroniclerData\ChroniclerData.csproj", "{5B1ED02A-F259-4E18-BDEA-F13753185251}"
EndProject
Project("{FAE04EC0-301F-11D3-BF4B-00C04F79EFBC}") = "ChroniclerWeb", "ChroniclerWeb\ChroniclerWeb.csproj", "{136025C2-F2E2-44CB-8E96-B2C5DB7E9547}"
EndProject
Global
	GlobalSection(SolutionConfigurationPlatforms) = preSolution
		Debug|Any CPU = Debug|Any CPU
		Release|Any CPU = Release|Any CPU
	EndGlobalSection
	GlobalSection(ProjectConfigurationPlatforms) = postSolution
		{5B1ED02A-F259-4E18-BDEA-F13753185251}.Debug|Any CPU.ActiveCfg = Debug|Any CPU
		{5B1ED02A-F259-4E18-BDEA-F13753185251}.Debug|Any CPU.Build.0 = Debug|Any CPU
		{5B1ED02A-F259-4E18-BDEA-F13753185251}.Release|Any CPU.ActiveCfg = Release|Any CPU
		{5B1ED02A-F259-4E18-BDEA-F13753185251}.Release|Any CPU.Build.0 = Release|Any CPU
		{136025C2-F2E2-44CB-8E96-B2C5DB7E9547}.Debug|Any CPU.ActiveCfg = Debug|Any CPU
		{136025C2-F2E2-44CB-8E96-B2C5DB7E9547}.Debug|Any CPU.Build.0 = Debug|Any CPU
		{136025C2-F2E2-44CB-8E96-B2C5DB7E9547}.Release|Any CPU.ActiveCfg = Release|Any CPU
		{136025C2-F2E2-44CB-8E96-B2C5DB7E9547}.Release|Any CPU.Build.0 = Release|Any CPU
	EndGlobalSection
	GlobalSection(SolutionProperties) = preSolution
		HideSolutionNode = FALSE
	EndGlobalSection
	GlobalSection(ExtensibilityGlobals) = postSolution
		SolutionGuid = {CBCEE212-8251-4ADA-A1F4-15D880DFA6C8}
	EndGlobalSection
EndGlobal
